{
  "version": 4,
  "terraform_version": "1.15.7",
  "serial": 15,
  "lineage": "e9c45b08-db7d-6bad-0038-300de3ea6048",
  "outputs": {},
  "resources": [
    {
      "mode": "data",
      "type": "aws_secretsmanager_secret",
      "name": "retailstore_secret",
      "provider": "provider[\"registry.terraform.io/hashicorp/aws\"]",
      "instances": [
        {
          "schema_version": 0,
          "attributes": {
            "arn": "arn:aws:secretsmanager:us-east-1:110753466187:secret:retailstore-db-secret-1-nVZFZE",
            "created_date": "2026-07-09T06:47:38Z",
            "description": "RetailStore RDS master credentials (MySQL + PostgreSQL)",
            "id": "arn:aws:secretsmanager:us-east-1:110753466187:secret:retailstore-db-secret-1-nVZFZE",
            "kms_key_id": "",
            "last_changed_date": "2026-07-09T07:24:52Z",
            "name": "retailstore-db-secret-1",
            "policy": "",
            "region": "us-east-1",
            "tags": {}
          },
          "sensitive_attributes": [],
          "identity_schema_version": 0
        }
      ]
    },
    {
      "mode": "data",
      "type": "aws_secretsmanager_secret_version",
      "name": "retailstore_secret_value",
      "provider": "provider[\"registry.terraform.io/hashicorp/aws\"]",
      "instances": [
        {
          "schema_version": 0,
          "attributes": {
            "arn": "arn:aws:secretsmanager:us-east-1:110753466187:secret:retailstore-db-secret-1-nVZFZE",
            "created_date": "2026-07-09T07:24:52Z",
            "id": "arn:aws:secretsmanager:us-east-1:110753466187:secret:retailstore-db-secret-1-nVZFZE|AWSCURRENT",
            "region": "us-east-1",
            "secret_arn": "arn:aws:secretsmanager:us-east-1:110753466187:secret:retailstore-db-secret-1-nVZFZE",
            "secret_binary": "",
            "secret_id": "arn:aws:secretsmanager:us-east-1:110753466187:secret:retailstore-db-secret-1-nVZFZE",
            "secret_string": "{\"username\":\"mydbadmin\",\"password\":\"Sunquan1234\"}",
            "version_id": "09364acd-5923-4469-92c6-e06cf3288d0f",
            "version_stage": "AWSCURRENT",
            "version_stages": [
              "AWSCURRENT"
            ]
          },
          "sensitive_attributes": [
            [
              {
                "type": "get_attr",
                "value": "secret_binary"
              }
            ],
            [
              {
                "type": "get_attr",
                "value": "secret_string"
              }
            ]
          ],
          "identity_schema_version": 0
        }
      ]
    },
    {
      "mode": "data",
      "type": "terraform_remote_state",
      "name": "eks",
      "provider": "provider[\"terraform.io/builtin/terraform\"]",
      "instances": [
        {
          "schema_version": 0,
          "attributes": {
            "backend": "s3",
            "config": {
              "value": {
                "bucket": "dorwpioa",
                "key": "eks/dev/terraform.tfstate",
                "region": "ap-southeast-5"
              },
              "type": [
                "object",
                {
                  "bucket": "string",
                  "key": "string",
                  "region": "string"
                }
              ]
            },
            "defaults": null,
            "outputs": {
              "value": {
                "ebs_csi_addon_arn": "arn:aws:eks:us-east-1:110753466187:addon/retail-prod-eksprod/aws-ebs-csi-driver/92cfa2c9-c872-7204-90e4-b3d27942228d",
                "ebs_csi_addon_default_version": "v1.62.0-eksbuild.1",
                "ebs_csi_addon_id": "retail-prod-eksprod:aws-ebs-csi-driver",
                "ebs_csi_addon_latest_version": "v1.62.0-eksbuild.1",
                "ebs_csi_iam_role_arn": "arn:aws:iam::110753466187:role/retail-prod-ebs-csi-iam-role",
                "ebs_csi_pod_identity_association_arn": "arn:aws:eks:us-east-1:110753466187:podidentityassociation/retail-prod-eksprod/a-cd8oxv9hipjroytvn",
                "eks_cluster_certificate_authority_data": "LS0tLS1CRUdJTiBDRVJUSUZJQ0FURS0tLS0tCk1JSURCVENDQWUyZ0F3SUJBZ0lJQTVOb3BpbnAzY293RFFZSktvWklodmNOQVFFTEJRQXdGVEVUTUJFR0ExVUUKQXhNS2EzVmlaWEp1WlhSbGN6QWVGdzB5TmpBM01Ea3dOakl5TURaYUZ3MHpOakEzTURZd05qSTNNRFphTUJVeApFekFSQmdOVkJBTVRDbXQxWW1WeWJtVjBaWE13Z2dFaU1BMEdDU3FHU0liM0RRRUJBUVVBQTRJQkR3QXdnZ0VLCkFvSUJBUUNWeTh1SURaNnEwUVh1QjRYdG5WczBVVkZ1K29TYTNTZGxnU3RCTmFKZHAvUEovZW5sRHdtUDZGWEwKUkdyd1pNM3NyZVRxNU9SSERGU2J2T1lMbzF2SzZxVmRCK2sxUWFhZTM5UldFZXZiOVp1eng1YXYyNmwzdnA1YgpuRTBHZVc3dXRacExQSTAwQ0w2YVQrcFdaaFI3MWFCNjRQbzgrcjRaNUZ0VEREUWFyOEtlMnVGS1NORGc1RkxzCitSSUlmcnVNd3FHZXl4cTZBb2NaNGQzUDV4M1ZNUDVodFowV2wvK01xajIrR2NDajFEWFVuakFtRTllaDI0TDgKVld0MjlST0JhVHM2WitaQ0d5Q3ZrZjI1ZFR5TTQvb3RHNW9UdENMbStuMi8zbFF5MWV5SW9QakRsVHQzdi9zYgpJczhRMUJqWDVjSFA2V3N3MjY2cnVBQXBoUGhKQWdNQkFBR2pXVEJYTUE0R0ExVWREd0VCL3dRRUF3SUNwREFQCkJnTlZIUk1CQWY4RUJUQURBUUgvTUIwR0ExVWREZ1FXQkJRcyt1UXljM0hCTDI5Z0dxZFRRRjBZem01eXlqQVYKQmdOVkhSRUVEakFNZ2dwcmRXSmxjbTVsZEdWek1BMEdDU3FHU0liM0RRRUJDd1VBQTRJQkFRQmJMN2Iyd0hsVQo1U3RFaVlpSXpnUU9mUGVTOTVtYmZ6eDZHWkR0K2pxNkFoVHBScFcwSDlwWnpGYklFak9hWjlQeEVUbk5pOEZhCkx3M2FUQVJVQ1phVElhR3RiQWZTYlVEdHpQUGhUeW1zODdvY1poL0ZmMHc4czVaUWhqK21XU0t3SlZGc1hNZWQKSi9VTFVrWW5ETXJ4T1ZEVDdsaEZpOWppTUpsc3dEb0FqSzF1NE9IQTFnLzQvK3pvTmpJLzBhYW9xdUFNeWQ3QQpZR1owdHZuME1xNWRMM1J3Z25lZmMvVVF3cmtJOXk0OWJhbm14NFN5ZGFZY2F0U0czTFlKdnFqYnZkNUVXSEdWClo2N1pTbGZhZGtRRFlkemNqUXlZT3FrM1pnSU5pKzh0UkVvSFZLMzBqU2hrd0Z1RktzNDZHTjdtSVZCeWhFVVUKMlcxK0JQazV0ZDU5Ci0tLS0tRU5EIENFUlRJRklDQVRFLS0tLS0K",
                "eks_cluster_endpoint": "https://A05DFF523A1CB2DF5470841231EF192D.yl4.us-east-1.eks.amazonaws.com",
                "eks_cluster_id": "retail-prod-eksprod",
                "eks_cluster_name": "retail-prod-eksprod",
                "eks_cluster_security_group_id": "sg-0d2bdeed770dd8fa4",
                "eks_cluster_version": "1.34",
                "eks_node_instance_role_arn": "arn:aws:iam::110753466187:role/retail-prod-eks-nodegroup-role",
                "helm_aws_secrets_provider_metadata": {
                  "app_version": "",
                  "chart": "secrets-store-csi-driver-provider-aws",
                  "first_deployed": 1783578789,
                  "last_deployed": 1783578789,
                  "name": "secrets-provider-aws",
                  "namespace": "kube-system",
                  "notes": "",
                  "revision": 1,
                  "values": "{\"secrets-store-csi-driver\":{\"install\":false}}",
                  "version": "3.1.1"
                },
                "helm_lbc_metadata": {
                  "app_version": "v3.4.1",
                  "chart": "aws-load-balancer-controller",
                  "first_deployed": 1783578746,
                  "last_deployed": 1783578746,
                  "name": "aws-load-balancer-controller",
                  "namespace": "kube-system",
                  "notes": "AWS Load Balancer controller installed!\n",
                  "revision": 1,
                  "values": "{\"clusterName\":\"retail-prod-eksprod\",\"region\":\"us-east-1\",\"serviceAccount\":{\"create\":true,\"name\":\"aws-load-balancer-controller\"},\"vpcId\":\"vpc-02047243ee7aead72\"}",
                  "version": "3.4.1"
                },
                "helm_secrets_store_csi_driver_metadata": {
                  "app_version": "1.6.0",
                  "chart": "secrets-store-csi-driver",
                  "first_deployed": 1783578736,
                  "last_deployed": 1783578736,
                  "name": "csi-secrets-store",
                  "namespace": "kube-system",
                  "notes": "The Secrets Store CSI Driver is getting deployed to your cluster.\n\nTo verify that Secrets Store CSI Driver has started, run:\n\n  kubectl --namespace=kube-system get pods -l \"app=secrets-store-csi-driver\"\n\nNow you can follow these steps https://secrets-store-csi-driver.sigs.k8s.io/getting-started/usage.html\nto create a SecretProviderClass resource, and a deployment using the SecretProviderClass.\n",
                  "revision": 1,
                  "values": "{\"syncSecret\":{\"enabled\":true},\"tokenRequests\":[{\"audience\":\"pods.eks.amazonaws.com\"}]}",
                  "version": "1.6.0"
                },
                "lbc_iam_policy_arn": "arn:aws:iam::110753466187:policy/retail-prod-AWSLoadBalancerControllerIAMPolicy",
                "lbc_iam_role_arn": "arn:aws:iam::110753466187:role/retail-prod-lbc-iam-role",
                "lbc_pod_identity_association_arn": "arn:aws:eks:us-east-1:110753466187:podidentityassociation/retail-prod-eksprod/a-dqix77jfhwb2mr9kx",
                "pod_identity_agent_eksaddon_arn": "arn:aws:eks:us-east-1:110753466187:addon/retail-prod-eksprod/eks-pod-identity-agent/62cfa2c9-a764-b819-dcab-39d7b585e290",
                "pod_identity_agent_eksaddon_default_version": "v1.3.10-eksbuild.3",
                "pod_identity_agent_eksaddon_id": "retail-prod-eksprod:eks-pod-identity-agent",
                "pod_identity_agent_eksaddon_lastest_version": "v1.3.10-eksbuild.3",
                "private_node_group_name": "retail-prod-private-ng",
                "private_subnet_ids": [
                  "subnet-0530a7c1b1ae2b2a2",
                  "subnet-04c4a13466b4217a6",
                  "subnet-02a0e5654cf02fd38"
                ],
                "public_subnet_ids": [
                  "subnet-0e2eea93482c1034c",
                  "subnet-0195506f6d1453080",
                  "subnet-0c7a61e33bbd4d56c"
                ],
                "to_configure_kubectl": "aws eks --region us-east-1 update-kubeconfig --name retail-prod-eksprod",
                "vpc_id": "vpc-02047243ee7aead72"
              },
              "type": [
                "object",
                {
                  "ebs_csi_addon_arn": "string",
                  "ebs_csi_addon_default_version": "string",
                  "ebs_csi_addon_id": "string",
                  "ebs_csi_addon_latest_version": "string",
                  "ebs_csi_iam_role_arn": "string",
                  "ebs_csi_pod_identity_association_arn": "string",
                  "eks_cluster_certificate_authority_data": "string",
                  "eks_cluster_endpoint": "string",
                  "eks_cluster_id": "string",
                  "eks_cluster_name": "string",
                  "eks_cluster_security_group_id": "string",
                  "eks_cluster_version": "string",
                  "eks_node_instance_role_arn": "string",
                  "helm_aws_secrets_provider_metadata": [
                    "object",
                    {
                      "app_version": "string",
                      "chart": "string",
                      "first_deployed": "number",
                      "last_deployed": "number",
                      "name": "string",
                      "namespace": "string",
                      "notes": "string",
                      "revision": "number",
                      "values": "string",
                      "version": "string"
                    }
                  ],
                  "helm_lbc_metadata": [
                    "object",
                    {
                      "app_version": "string",
                      "chart": "string",
                      "first_deployed": "number",
                      "last_deployed": "number",
                      "name": "string",
                      "namespace": "string",
                      "notes": "string",
                      "revision": "number",
                      "values": "string",
                      "version": "string"
                    }
                  ],
                  "helm_secrets_store_csi_driver_metadata": [
                    "object",
                    {
                      "app_version": "string",
                      "chart": "string",
                      "first_deployed": "number",
                      "last_deployed": "number",
                      "name": "string",
                      "namespace": "string",
                      "notes": "string",
                      "revision": "number",
                      "values": "string",
                      "version": "string"
                    }
                  ],
                  "lbc_iam_policy_arn": "string",
                  "lbc_iam_role_arn": "string",
                  "lbc_pod_identity_association_arn": "string",
                  "pod_identity_agent_eksaddon_arn": "string",
                  "pod_identity_agent_eksaddon_default_version": "string",
                  "pod_identity_agent_eksaddon_id": "string",
                  "pod_identity_agent_eksaddon_lastest_version": "string",
                  "private_node_group_name": "string",
                  "private_subnet_ids": [
                    "tuple",
                    [
                      "string",
                      "string",
                      "string"
                    ]
                  ],
                  "public_subnet_ids": [
                    "tuple",
                    [
                      "string",
                      "string",
                      "string"
                    ]
                  ],
                  "to_configure_kubectl": "string",
                  "vpc_id": "string"
                }
              ]
            },
            "workspace": null
          },
          "sensitive_attributes": [],
          "identity_schema_version": 0
        }
      ]
    },
    {
      "mode": "data",
      "type": "terraform_remote_state",
      "name": "vpc",
      "provider": "provider[\"terraform.io/builtin/terraform\"]",
      "instances": [
        {
          "schema_version": 0,
          "attributes": {
            "backend": "s3",
            "config": {
              "value": {
                "bucket": "dorwpioa",
                "key": "vpc/dev/terraform.tfstate",
                "region": "ap-southeast-5"
              },
              "type": [
                "object",
                {
                  "bucket": "string",
                  "key": "string",
                  "region": "string"
                }
              ]
            },
            "defaults": null,
            "outputs": {
              "value": {
                "private_subnet_ids": [
                  "subnet-0530a7c1b1ae2b2a2",
                  "subnet-04c4a13466b4217a6",
                  "subnet-02a0e5654cf02fd38"
                ],
                "public_subnet_ids": [
                  "subnet-0e2eea93482c1034c",
                  "subnet-0195506f6d1453080",
                  "subnet-0c7a61e33bbd4d56c"
                ],
                "public_subnet_map": {
                  "us-east-1a": "subnet-0e2eea93482c1034c",
                  "us-east-1b": "subnet-0195506f6d1453080",
                  "us-east-1c": "subnet-0c7a61e33bbd4d56c"
                },
                "vpc_id": "vpc-02047243ee7aead72"
              },
              "type": [
                "object",
                {
                  "private_subnet_ids": [
                    "tuple",
                    [
                      "string",
                      "string",
                      "string"
                    ]
                  ],
                  "public_subnet_ids": [
                    "tuple",
                    [
                      "string",
                      "string",
                      "string"
                    ]
                  ],
                  "public_subnet_map": [
                    "object",
                    {
                      "us-east-1a": "string",
                      "us-east-1b": "string",
                      "us-east-1c": "string"
                    }
                  ],
                  "vpc_id": "string"
                }
              ]
            },
            "workspace": null
          },
          "sensitive_attributes": [],
          "identity_schema_version": 0
        }
      ]
    },
    {
      "mode": "managed",
      "type": "aws_db_instance",
      "name": "catalog_rds",
      "provider": "provider[\"registry.terraform.io/hashicorp/aws\"]",
      "instances": [
        {
          "schema_version": 2,
          "attributes": {
            "address": "mydb3.celeicemsmv7.us-east-1.rds.amazonaws.com",
            "allocated_storage": 20,
            "allow_major_version_upgrade": null,
            "apply_immediately": false,
            "arn": "arn:aws:rds:us-east-1:110753466187:db:mydb3",
            "auto_minor_version_upgrade": true,
            "availability_zone": "us-east-1a",
            "backup_retention_period": 1,
            "backup_target": "region",
            "backup_window": "06:03-06:33",
            "blue_green_update": [],
            "ca_cert_identifier": "rds-ca-rsa2048-g1",
            "character_set_name": "",
            "copy_tags_to_snapshot": false,
            "custom_iam_instance_profile": "",
            "customer_owned_ip_enabled": false,
            "database_insights_mode": "standard",
            "db_name": "catalogdb",
            "db_subnet_group_name": "retail-section14-rds-private-subnets",
            "dedicated_log_volume": false,
            "delete_automated_backups": true,
            "deletion_protection": false,
            "domain": "",
            "domain_auth_secret_arn": "",
            "domain_dns_ips": [],
            "domain_fqdn": "",
            "domain_iam_role_name": "",
            "domain_ou": "",
            "enabled_cloudwatch_logs_exports": [],
            "endpoint": "mydb3.celeicemsmv7.us-east-1.rds.amazonaws.com:3306",
            "engine": "mysql",
            "engine_lifecycle_support": "open-source-rds-extended-support",
            "engine_version": "8.0",
            "engine_version_actual": "8.0.45",
            "final_snapshot_identifier": null,
            "hosted_zone_id": "Z2R2ITUGPM61AM",
            "iam_database_authentication_enabled": false,
            "id": "db-FGMMMZ4QLW6TGE6O637WXYGQ6M",
            "identifier": "mydb3",
            "identifier_prefix": "",
            "instance_class": "db.t3.micro",
            "iops": 0,
            "kms_key_id": "",
            "latest_restorable_time": "2026-07-09T15:31:06Z",
            "license_model": "general-public-license",
            "listener_endpoint": [],
            "maintenance_window": "sat:09:48-sat:10:18",
            "manage_master_user_password": null,
            "master_user_secret": [],
            "master_user_secret_kms_key_id": null,
            "max_allocated_storage": 0,
            "monitoring_interval": 0,
            "monitoring_role_arn": "",
            "multi_az": false,
            "nchar_character_set_name": "",
            "network_type": "IPV4",
            "option_group_name": "default:mysql-8-0",
            "parameter_group_name": "default.mysql8.0",
            "password": "Sunquan1234",
            "password_wo": null,
            "password_wo_version": null,
            "performance_insights_enabled": false,
            "performance_insights_kms_key_id": "",
            "performance_insights_retention_period": 0,
            "port": 3306,
            "publicly_accessible": false,
            "region": "us-east-1",
            "replica_mode": "",
            "replicas": [],
            "replicate_source_db": "",
            "resource_id": "db-FGMMMZ4QLW6TGE6O637WXYGQ6M",
            "restore_to_point_in_time": [],
            "s3_import": [],
            "skip_final_snapshot": true,
            "snapshot_identifier": null,
            "status": "available",
            "storage_encrypted": false,
            "storage_throughput": 0,
            "storage_type": "gp2",
            "tags": {
              "Name": "retail-section14-catalog-rds-mysql"
            },
            "tags_all": {
              "Name": "retail-section14-catalog-rds-mysql"
            },
            "timeouts": null,
            "timezone": "",
            "upgrade_rollout_order": "second",
            "upgrade_storage_config": null,
            "username": "mydbadmin",
            "vpc_security_group_ids": [
              "sg-05b41f4e3f4fce42d"
            ]
          },
          "sensitive_attributes": [
            [
              {
                "type": "get_attr",
                "value": "password"
              }
            ],
            [
              {
                "type": "get_attr",
                "value": "password_wo"
              }
            ],
            [
              {
                "type": "get_attr",
                "value": "username"
              }
            ]
          ],
          "identity_schema_version": 0,
          "private": "eyJlMmJmYjczMC1lY2FhLTExZTYtOGY4OC0zNDM2M2JjN2M0YzAiOnsiY3JlYXRlIjozMDAwMDAwMDAwMDAwLCJkZWxldGUiOjM2MDAwMDAwMDAwMDAsInVwZGF0ZSI6NDgwMDAwMDAwMDAwMH0sInNjaGVtYV92ZXJzaW9uIjoiMiJ9",
          "dependencies": [
            "aws_db_subnet_group.rds_private",
            "aws_security_group.rds_mysql_sg",
            "data.aws_secretsmanager_secret.retailstore_secret",
            "data.aws_secretsmanager_secret_version.retailstore_secret_value",
            "data.terraform_remote_state.eks",
            "data.terraform_remote_state.vpc"
          ]
        }
      ]
    },
    {
      "mode": "managed",
      "type": "aws_db_subnet_group",
      "name": "rds_private",
      "provider": "provider[\"registry.terraform.io/hashicorp/aws\"]",
      "instances": [
        {
          "schema_version": 0,
          "attributes": {
            "arn": "arn:aws:rds:us-east-1:110753466187:subgrp:retail-section14-rds-private-subnets",
            "description": "Managed by Terraform",
            "id": "retail-section14-rds-private-subnets",
            "name": "retail-section14-rds-private-subnets",
            "name_prefix": "",
            "region": "us-east-1",
            "subnet_ids": [
              "subnet-02a0e5654cf02fd38",
              "subnet-04c4a13466b4217a6",
              "subnet-0530a7c1b1ae2b2a2"
            ],
            "supported_network_types": [
              "IPV4"
            ],
            "tags": {
              "Name": "retail-section14-rds-private-subnets"
            },
            "tags_all": {
              "Name": "retail-section14-rds-private-subnets"
            },
            "vpc_id": "vpc-02047243ee7aead72"
          },
          "sensitive_attributes": [],
          "identity_schema_version": 0,
          "identity": {
            "account_id": "110753466187",
            "name": "retail-section14-rds-private-subnets",
            "region": "us-east-1"
          },
          "private": "bnVsbA==",
          "dependencies": [
            "data.terraform_remote_state.vpc"
          ]
        }
      ]
    },
    {
      "mode": "managed",
      "type": "aws_elasticache_cluster",
      "name": "checkout_redis",
      "provider": "provider[\"registry.terraform.io/hashicorp/aws\"]",
      "instances": [
        {
          "schema_version": 0,
          "attributes": {
            "apply_immediately": null,
            "arn": "arn:aws:elasticache:us-east-1:110753466187:cluster:retail-section14-checkout-redis",
            "auto_minor_version_upgrade": "true",
            "availability_zone": "us-east-1b",
            "az_mode": "single-az",
            "cache_nodes": [
              {
                "address": "retail-section14-checkout-redis.ziqgr4.0001.use1.cache.amazonaws.com",
                "availability_zone": "us-east-1b",
                "id": "0001",
                "outpost_arn": "",
                "port": 6379
              }
            ],
            "cluster_address": null,
            "cluster_id": "retail-section14-checkout-redis",
            "configuration_endpoint": null,
            "engine": "redis",
            "engine_version": "7.1",
            "engine_version_actual": "7.1.0",
            "final_snapshot_identifier": null,
            "id": "retail-section14-checkout-redis",
            "ip_discovery": "ipv4",
            "log_delivery_configuration": [],
            "maintenance_window": "sat:07:30-sat:08:30",
            "network_type": "ipv4",
            "node_type": "cache.t3.micro",
            "notification_topic_arn": null,
            "num_cache_nodes": 1,
            "outpost_mode": null,
            "parameter_group_name": "default.redis7",
            "port": 6379,
            "preferred_availability_zones": null,
            "preferred_outpost_arn": "",
            "region": "us-east-1",
            "replication_group_id": "",
            "security_group_ids": [
              "sg-0aaf2d52a392d78ea"
            ],
            "snapshot_arns": null,
            "snapshot_name": null,
            "snapshot_retention_limit": 0,
            "snapshot_window": "03:30-04:30",
            "subnet_group_name": "retail-section14-redis-subnets",
            "tags": {
              "Name": "retail-section14-checkout-redis"
            },
            "tags_all": {
              "Name": "retail-section14-checkout-redis"
            },
            "timeouts": null,
            "transit_encryption_enabled": false
          },
          "sensitive_attributes": [],
          "identity_schema_version": 0,
          "private": "eyJlMmJmYjczMC1lY2FhLTExZTYtOGY4OC0zNDM2M2JjN2M0YzAiOnsiY3JlYXRlIjoyNDAwMDAwMDAwMDAwLCJkZWxldGUiOjI0MDAwMDAwMDAwMDAsInVwZGF0ZSI6NDgwMDAwMDAwMDAwMH19",
          "dependencies": [
            "aws_elasticache_subnet_group.redis_subnet_group",
            "aws_security_group.redis_sg",
            "data.terraform_remote_state.eks",
            "data.terraform_remote_state.vpc"
          ]
        }
      ]
    },
    {
      "mode": "managed",
      "type": "aws_elasticache_subnet_group",
      "name": "redis_subnet_group",
      "provider": "provider[\"registry.terraform.io/hashicorp/aws\"]",
      "instances": [
        {
          "schema_version": 0,
          "attributes": {
            "arn": "arn:aws:elasticache:us-east-1:110753466187:subnetgroup:retail-section14-redis-subnets",
            "description": "Managed by Terraform",
            "id": "retail-section14-redis-subnets",
            "name": "retail-section14-redis-subnets",
            "region": "us-east-1",
            "subnet_ids": [
              "subnet-02a0e5654cf02fd38",
              "subnet-04c4a13466b4217a6",
              "subnet-0530a7c1b1ae2b2a2"
            ],
            "tags": {},
            "tags_all": {},
            "vpc_id": "vpc-02047243ee7aead72"
          },
          "sensitive_attributes": [],
          "identity_schema_version": 0,
          "private": "bnVsbA==",
          "dependencies": [
            "data.terraform_remote_state.vpc"
          ]
        }
      ]
    },
    {
      "mode": "managed",
      "type": "aws_security_group",
      "name": "rds_mysql_sg",
      "provider": "provider[\"registry.terraform.io/hashicorp/aws\"]",
      "instances": [
        {
          "schema_version": 1,
          "attributes": {
            "arn": "arn:aws:ec2:us-east-1:110753466187:security-group/sg-05b41f4e3f4fce42d",
            "description": "Allow MySQL access from EKS cluster",
            "egress": [
              {
                "cidr_blocks": [
                  "0.0.0.0/0"
                ],
                "description": "",
                "from_port": 0,
                "ipv6_cidr_blocks": [],
                "prefix_list_ids": [],
                "protocol": "-1",
                "security_groups": [],
                "self": false,
                "to_port": 0
              }
            ],
            "id": "sg-05b41f4e3f4fce42d",
            "ingress": [
              {
                "cidr_blocks": [],
                "description": "Allow MySQL from EKS cluster security group",
                "from_port": 3306,
                "ipv6_cidr_blocks": [],
                "prefix_list_ids": [],
                "protocol": "tcp",
                "security_groups": [
                  "sg-0d2bdeed770dd8fa4"
                ],
                "self": false,
                "to_port": 3306
              }
            ],
            "name": "retail-section14-rds-mysql-sg",
            "name_prefix": "",
            "owner_id": "110753466187",
            "region": "us-east-1",
            "revoke_rules_on_delete": false,
            "tags": {
              "Name": "retail-section14-rds-mysql-sg"
            },
            "tags_all": {
              "Name": "retail-section14-rds-mysql-sg"
            },
            "timeouts": null,
            "vpc_id": "vpc-02047243ee7aead72"
          },
          "sensitive_attributes": [],
          "identity_schema_version": 0,
          "identity": {
            "account_id": "110753466187",
            "id": "sg-05b41f4e3f4fce42d",
            "region": "us-east-1"
          },
          "private": "eyJlMmJmYjczMC1lY2FhLTExZTYtOGY4OC0zNDM2M2JjN2M0YzAiOnsiY3JlYXRlIjo2MDAwMDAwMDAwMDAsImRlbGV0ZSI6OTAwMDAwMDAwMDAwfSwic2NoZW1hX3ZlcnNpb24iOiIxIn0=",
          "dependencies": [
            "data.terraform_remote_state.eks",
            "data.terraform_remote_state.vpc"
          ]
        }
      ]
    },
    {
      "mode": "managed",
      "type": "aws_security_group",
      "name": "redis_sg",
      "provider": "provider[\"registry.terraform.io/hashicorp/aws\"]",
      "instances": [
        {
          "schema_version": 1,
          "attributes": {
            "arn": "arn:aws:ec2:us-east-1:110753466187:security-group/sg-0aaf2d52a392d78ea",
            "description": "Allow EKS cluster to access ElastiCache Redis",
            "egress": [
              {
                "cidr_blocks": [
                  "0.0.0.0/0"
                ],
                "description": "",
                "from_port": 0,
                "ipv6_cidr_blocks": [],
                "prefix_list_ids": [],
                "protocol": "-1",
                "security_groups": [],
                "self": false,
                "to_port": 0
              }
            ],
            "id": "sg-0aaf2d52a392d78ea",
            "ingress": [
              {
                "cidr_blocks": [],
                "description": "Allow traffic from EKS cluster SG",
                "from_port": 6379,
                "ipv6_cidr_blocks": [],
                "prefix_list_ids": [],
                "protocol": "tcp",
                "security_groups": [
                  "sg-0d2bdeed770dd8fa4"
                ],
                "self": false,
                "to_port": 6379
              }
            ],
            "name": "retail-section14-redis-sg",
            "name_prefix": "",
            "owner_id": "110753466187",
            "region": "us-east-1",
            "revoke_rules_on_delete": false,
            "tags": {
              "Name": "retail-section14-redis-sg"
            },
            "tags_all": {
              "Name": "retail-section14-redis-sg"
            },
            "timeouts": null,
            "vpc_id": "vpc-02047243ee7aead72"
          },
          "sensitive_attributes": [],
          "identity_schema_version": 0,
          "identity": {
            "account_id": "110753466187",
            "id": "sg-0aaf2d52a392d78ea",
            "region": "us-east-1"
          },
          "private": "eyJlMmJmYjczMC1lY2FhLTExZTYtOGY4OC0zNDM2M2JjN2M0YzAiOnsiY3JlYXRlIjo2MDAwMDAwMDAwMDAsImRlbGV0ZSI6OTAwMDAwMDAwMDAwfSwic2NoZW1hX3ZlcnNpb24iOiIxIn0=",
          "dependencies": [
            "data.terraform_remote_state.eks",
            "data.terraform_remote_state.vpc"
          ]
        }
      ]
    }
  ],
  "check_results": null
}
